
Microsoft Visual Studio Solution File, Format Version 12.00
# Visual Studio Version 16
VisualStudioVersion = 16.0.28803.352
MinimumVisualStudioVersion = 10.0.40219.1
Project("{9A19103F-16F7-4668-BE54-9A1E7A4F7556}") = "ApiOrnek", "ApiOrnek\ApiOrnek.csproj", "{4F11A0B1-6F03-4BD4-9B21-6F4BB721477B}"
EndProject
Project("{FAE04EC0-301F-11D3-BF4B-00C04F79EFBC}") = "DLL", "DLL\DLL.csproj", "{C5534ABC-46A5-4DBD-B082-F7A30E086DE7}"
EndProject
Project("{FAE04EC0-301F-11D3-BF4B-00C04F79EFBC}") = "BLL", "BLL\BLL.csproj", "{9CCD4A70-2F9B-425D-8235-D2CD57A45B98}"
EndProject
Global
	GlobalSection(SolutionConfigurationPlatforms) = preSolution
		Debug|Any CPU = Debug|Any CPU
		Release|Any CPU = Release|Any CPU
	EndGlobalSection
	GlobalSection(ProjectConfigurationPlatforms) = postSolution
		{4F11A0B1-6F03-4BD4-9B21-6F4BB721477B}.Debug|Any CPU.ActiveCfg = Debug|Any CPU
		{4F11A0B1-6F03-4BD4-9B21-6F4BB721477B}.Debug|Any CPU.Build.0 = Debug|Any CPU
		{4F11A0B1-6F03-4BD4-9B21-6F4BB721477B}.Release|Any CPU.ActiveCfg = Release|Any CPU
		{4F11A0B1-6F03-4BD4-9B21-6F4BB721477B}.Release|Any CPU.Build.0 = Release|Any CPU
		{C5534ABC-46A5-4DBD-B082-F7A30E086DE7}.Debug|Any CPU.ActiveCfg = Debug|Any CPU
		{C5534ABC-46A5-4DBD-B082-F7A30E086DE7}.Debug|Any CPU.Build.0 = Debug|Any CPU
		{C5534ABC-46A5-4DBD-B082-F7A30E086DE7}.Release|Any CPU.ActiveCfg = Release|Any CPU
		{C5534ABC-46A5-4DBD-B082-F7A30E086DE7}.Release|Any CPU.Build.0 = Release|Any CPU
		{9CCD4A70-2F9B-425D-8235-D2CD57A45B98}.Debug|Any CPU.ActiveCfg = Debug|Any CPU
		{9CCD4A70-2F9B-425D-8235-D2CD57A45B98}.Debug|Any CPU.Build.0 = Debug|Any CPU
		{9CCD4A70-2F9B-425D-8235-D2CD57A45B98}.Release|Any CPU.ActiveCfg = Release|Any CPU
		{9CCD4A70-2F9B-425D-8235-D2CD57A45B98}.Release|Any CPU.Build.0 = Release|Any CPU
	EndGlobalSection
	GlobalSection(SolutionProperties) = preSolution
		HideSolutionNode = FALSE
	EndGlobalSection
	GlobalSection(ExtensibilityGlobals) = postSolution
		SolutionGuid = {5CB278B0-F4A0-41CF-AC5B-94EE844F9E24}
	EndGlobalSection
EndGlobal
